
Microsoft Visual Studio Solution File, Format Version 12.00
# Visual Studio Version 16
VisualStudioVersion = 16.0.31515.178
MinimumVisualStudioVersion = 10.0.40219.1
Project("{888888A0-9F3D-457C-B088-3A5042F75D52}") = "Course Project - Phase 3", "Course Project - Phase 3.pyproj", "{26F1E2CE-BD34-4326-8B17-EA4A2FF7DAA7}"
EndProject
Global
	GlobalSection(SolutionConfigurationPlatforms) = preSolution
		Debug|Any CPU = Debug|Any CPU
		Release|Any CPU = Release|Any CPU
	EndGlobalSection
	GlobalSection(ProjectConfigurationPlatforms) = postSolution
		{26F1E2CE-BD34-4326-8B17-EA4A2FF7DAA7}.Debug|Any CPU.ActiveCfg = Debug|Any CPU
		{26F1E2CE-BD34-4326-8B17-EA4A2FF7DAA7}.Release|Any CPU.ActiveCfg = Release|Any CPU
	EndGlobalSection
	GlobalSection(SolutionProperties) = preSolution
		HideSolutionNode = FALSE
	EndGlobalSection
	GlobalSection(ExtensibilityGlobals) = postSolution
		SolutionGuid = {74AA0886-9B6B-481A-8EC7-A998F70FA73B}
	EndGlobalSection
EndGlobal
